Microsoft Visual Studio Solution File, Format Version 12.00
# Visual Studio Version 17
VisualStudioVersion = 17.5.2.0
MinimumVisualStudioVersion = 10.0.40219.1
Project("{FAE04EC0-301F-11D3-BF4B-00C04F79EFBC}") = "F1Fast.API", "F1Fast.API.csproj", "{DDE73E9E-8C23-B9A0-67D5-C210EFD59CE9}"
EndProject
Global
	GlobalSection(SolutionConfigurationPlatforms) = preSolution
		Debug|Any CPU = Debug|Any CPU
		Release|Any CPU = Release|Any CPU
	EndGlobalSection
	GlobalSection(ProjectConfigurationPlatforms) = postSolution
		{DDE73E9E-8C23-B9A0-67D5-C210EFD59CE9}.Debug|Any CPU.ActiveCfg = Debug|Any CPU
		{DDE73E9E-8C23-B9A0-67D5-C210EFD59CE9}.Debug|Any CPU.Build.0 = Debug|Any CPU
		{DDE73E9E-8C23-B9A0-67D5-C210EFD59CE9}.Release|Any CPU.ActiveCfg = Release|Any CPU
		{DDE73E9E-8C23-B9A0-67D5-C210EFD59CE9}.Release|Any CPU.Build.0 = Release|Any CPU
	EndGlobalSection
	GlobalSection(SolutionProperties) = preSolution
		HideSolutionNode = FALSE
	EndGlobalSection
	GlobalSection(ExtensibilityGlobals) = postSolution
		SolutionGuid = {C33B500F-F447-4BC4-925E-1DC7956BCA46}
	EndGlobalSection
EndGlobal
